// !$*UTF8*$!
{
	archiveVersion = 1;
	classes = {
	};
	objectVersion = 46;
	objects = {

/* Begin PBXAggregateTarget section */
		1FB880D91E62DE42004DDF55 /* MakePlayground */ = {
			isa = PBXAggregateTarget;
			buildConfigurationList = 1FB880DC1E62DE42004DDF55 /* Build configuration list for PBXAggregateTarget "MakePlayground" */;
			buildPhases = (
				1FB880DF1E62DE64004DDF55 /* Run Script: Code Generation (Sourcery) */,
			);
			dependencies = (
				1F9729201EACF62D002CF76A /* PBXTargetDependency */,
				1FB880DE1E62DE62004DDF55 /* PBXTargetDependency */,
			);
			name = MakePlayground;
			productName = MakePlayground;
		};
/* End PBXAggregateTarget section */

/* Begin PBXBuildFile section */
		1F2AE8611DF84E3800C8FE71 /* VTree.framework in Frameworks */ = {isa = PBXBuildFile; fileRef = 1FBFDA8D1DE5288900094059 /* VTree.framework */; };
		1F2AE8631DF84E7200C8FE71 /* VTree.framework in Frameworks */ = {isa = PBXBuildFile; fileRef = 1FBFDA8D1DE5288900094059 /* VTree.framework */; };
		1F2AE8641DF84E7200C8FE71 /* VTree.framework in Embed Frameworks */ = {isa = PBXBuildFile; fileRef = 1FBFDA8D1DE5288900094059 /* VTree.framework */; settings = {ATTRIBUTES = (CodeSignOnCopy, RemoveHeadersOnCopy, ); }; };
		1F315B171E625C0700DB6FC0 /* Result.framework in Frameworks */ = {isa = PBXBuildFile; fileRef = 1FCE01EC1DF8509900B3B30E /* Result.framework */; };
		1F315B181E625C0700DB6FC0 /* Result.framework in Embed Frameworks */ = {isa = PBXBuildFile; fileRef = 1FCE01EC1DF8509900B3B30E /* Result.framework */; settings = {ATTRIBUTES = (CodeSignOnCopy, RemoveHeadersOnCopy, ); }; };
		1F42668E1E626EA6003B739E /* Gesture+Debug.swift in Sources */ = {isa = PBXBuildFile; fileRef = 1F42668D1E626EA6003B739E /* Gesture+Debug.swift */; };
		1F7E8B9F1E6272AD0083EF52 /* VTree.framework in Frameworks */ = {isa = PBXBuildFile; fileRef = 1FBFDA8D1DE5288900094059 /* VTree.framework */; };
		1F7E8BA01E6272AD0083EF52 /* SwiftElm.framework in Frameworks */ = {isa = PBXBuildFile; fileRef = 48C1FC561DE45DB700660F74 /* SwiftElm.framework */; };
		1F7E8BA11E6272AD0083EF52 /* ReactiveSwift.framework in Frameworks */ = {isa = PBXBuildFile; fileRef = 1FCE01EA1DF8509500B3B30E /* ReactiveSwift.framework */; };
		1F7E8BA21E6272AD0083EF52 /* Result.framework in Frameworks */ = {isa = PBXBuildFile; fileRef = 1FCE01EC1DF8509900B3B30E /* Result.framework */; };
		1F7E8BA31E6272AD0083EF52 /* ReactiveAutomaton.framework in Frameworks */ = {isa = PBXBuildFile; fileRef = 1FBFDA8A1DE5288200094059 /* ReactiveAutomaton.framework */; };
		1F7E8BA81E6272AD0083EF52 /* ReactiveAutomaton.framework in Embed Frameworks */ = {isa = PBXBuildFile; fileRef = 1FBFDA8A1DE5288200094059 /* ReactiveAutomaton.framework */; settings = {ATTRIBUTES = (CodeSignOnCopy, RemoveHeadersOnCopy, ); }; };
		1F7E8BA91E6272AD0083EF52 /* SwiftElm.framework in Embed Frameworks */ = {isa = PBXBuildFile; fileRef = 48C1FC561DE45DB700660F74 /* SwiftElm.framework */; settings = {ATTRIBUTES = (CodeSignOnCopy, RemoveHeadersOnCopy, ); }; };
		1F7E8BAA1E6272AD0083EF52 /* ReactiveSwift.framework in Embed Frameworks */ = {isa = PBXBuildFile; fileRef = 1FCE01EA1DF8509500B3B30E /* ReactiveSwift.framework */; settings = {ATTRIBUTES = (CodeSignOnCopy, RemoveHeadersOnCopy, ); }; };
		1F7E8BAB1E6272AD0083EF52 /* Result.framework in Embed Frameworks */ = {isa = PBXBuildFile; fileRef = 1FCE01EC1DF8509900B3B30E /* Result.framework */; settings = {ATTRIBUTES = (CodeSignOnCopy, RemoveHeadersOnCopy, ); }; };
		1F7E8BAC1E6272AD0083EF52 /* VTree.framework in Embed Frameworks */ = {isa = PBXBuildFile; fileRef = 1FBFDA8D1DE5288900094059 /* VTree.framework */; settings = {ATTRIBUTES = (CodeSignOnCopy, RemoveHeadersOnCopy, ); }; };
		1F7E8BAD1E6272AD0083EF52 /* Flexbox.framework in Embed Frameworks */ = {isa = PBXBuildFile; fileRef = 1FFE736D1E59CDEA00F751A3 /* Flexbox.framework */; settings = {ATTRIBUTES = (CodeSignOnCopy, RemoveHeadersOnCopy, ); }; };
		1F7E8BB91E6272D10083EF52 /* AppDelegate.swift in Sources */ = {isa = PBXBuildFile; fileRef = 1F7E8BB41E6272D10083EF52 /* AppDelegate.swift */; };
		1F7E8BBA1E6272D10083EF52 /* Assets.xcassets in Resources */ = {isa = PBXBuildFile; fileRef = 1F7E8BB51E6272D10083EF52 /* Assets.xcassets */; };
		1F7E8BBB1E6272D10083EF52 /* LaunchScreen.storyboard in Resources */ = {isa = PBXBuildFile; fileRef = 1F7E8BB61E6272D10083EF52 /* LaunchScreen.storyboard */; };
		1FBFDA8B1DE5288200094059 /* ReactiveAutomaton.framework in Frameworks */ = {isa = PBXBuildFile; fileRef = 1FBFDA8A1DE5288200094059 /* ReactiveAutomaton.framework */; };
		1FBFDA8C1DE5288200094059 /* ReactiveAutomaton.framework in Embed Frameworks */ = {isa = PBXBuildFile; fileRef = 1FBFDA8A1DE5288200094059 /* ReactiveAutomaton.framework */; settings = {ATTRIBUTES = (CodeSignOnCopy, RemoveHeadersOnCopy, ); }; };
		1FBFDA981DE528B200094059 /* ReactiveAutomaton.framework in Frameworks */ = {isa = PBXBuildFile; fileRef = 1FBFDA8A1DE5288200094059 /* ReactiveAutomaton.framework */; };
		1FCE01EB1DF8509500B3B30E /* ReactiveSwift.framework in Frameworks */ = {isa = PBXBuildFile; fileRef = 1FCE01EA1DF8509500B3B30E /* ReactiveSwift.framework */; };
		1FCE01ED1DF8509900B3B30E /* Result.framework in Frameworks */ = {isa = PBXBuildFile; fileRef = 1FCE01EC1DF8509900B3B30E /* Result.framework */; };
		1FCE01EF1DF850E100B3B30E /* ReactiveSwift.framework in Frameworks */ = {isa = PBXBuildFile; fileRef = 1FCE01EA1DF8509500B3B30E /* ReactiveSwift.framework */; };
		1FD4E3B21EACED4700618F78 /* VTreeDebugger.framework in Frameworks */ = {isa = PBXBuildFile; fileRef = 1FD4E3B11EACED4700618F78 /* VTreeDebugger.framework */; };
		1FD4E3B31EACED4700618F78 /* VTreeDebugger.framework in Embed Frameworks */ = {isa = PBXBuildFile; fileRef = 1FD4E3B11EACED4700618F78 /* VTreeDebugger.framework */; settings = {ATTRIBUTES = (CodeSignOnCopy, RemoveHeadersOnCopy, ); }; };
		1FD4E3B61EACED6900618F78 /* VTreeDebugger.framework in Frameworks */ = {isa = PBXBuildFile; fileRef = 1FD4E3B11EACED4700618F78 /* VTreeDebugger.framework */; };
		1FD4E3B71EACED6900618F78 /* VTreeDebugger.framework in Embed Frameworks */ = {isa = PBXBuildFile; fileRef = 1FD4E3B11EACED4700618F78 /* VTreeDebugger.framework */; settings = {ATTRIBUTES = (CodeSignOnCopy, RemoveHeadersOnCopy, ); }; };
		1FD4E3C11EACEFB300618F78 /* App.swift in Sources */ = {isa = PBXBuildFile; fileRef = 1FD4E3C01EACEFB300618F78 /* App.swift */; };
		1FD4E3C41EACF0F200618F78 /* App.swift in Sources */ = {isa = PBXBuildFile; fileRef = 1FD4E3C21EACF09500618F78 /* App.swift */; };
		1FF487761E3A07C4006D0383 /* Effect.swift in Sources */ = {isa = PBXBuildFile; fileRef = 1FF487751E3A07C4006D0383 /* Effect.swift */; };
		1FF5ADAF1E62737D00E878A8 /* Message.generated.swift in Sources */ = {isa = PBXBuildFile; fileRef = 1FF5ADAD1E62737D00E878A8 /* Message.generated.swift */; };
		1FF5ADB01E62737D00E878A8 /* MessageContext.generated.swift in Sources */ = {isa = PBXBuildFile; fileRef = 1FF5ADAE1E62737D00E878A8 /* MessageContext.generated.swift */; };
		1FFE736E1E59CDEA00F751A3 /* Flexbox.framework in Frameworks */ = {isa = PBXBuildFile; fileRef = 1FFE736D1E59CDEA00F751A3 /* Flexbox.framework */; };
		1FFE73741E59CE5200F751A3 /* ReactiveSwift.framework in Embed Frameworks */ = {isa = PBXBuildFile; fileRef = 1FCE01EA1DF8509500B3B30E /* ReactiveSwift.framework */; settings = {ATTRIBUTES = (CodeSignOnCopy, RemoveHeadersOnCopy, ); }; };
		1FFE73761E59CEB300F751A3 /* Flexbox.framework in Embed Frameworks */ = {isa = PBXBuildFile; fileRef = 1FFE736D1E59CDEA00F751A3 /* Flexbox.framework */; settings = {ATTRIBUTES = (CodeSignOnCopy, RemoveHeadersOnCopy, ); }; };
		1FFE737B1E59CFB900F751A3 /* Message.generated.swift in Sources */ = {isa = PBXBuildFile; fileRef = 1FFE73791E59CFB900F751A3 /* Message.generated.swift */; };
		1FFE737C1E59CFB900F751A3 /* MessageContext.generated.swift in Sources */ = {isa = PBXBuildFile; fileRef = 1FFE737A1E59CFB900F751A3 /* MessageContext.generated.swift */; };
		48C1FC5B1DE45DB700660F74 /* SwiftElm.h in Headers */ = {isa = PBXBuildFile; fileRef = 48C1FC591DE45DB700660F74 /* SwiftElm.h */; settings = {ATTRIBUTES = (Public, ); }; };
		48C1FC681DE45DD900660F74 /* AppDelegate.swift in Sources */ = {isa = PBXBuildFile; fileRef = 48C1FC671DE45DD900660F74 /* AppDelegate.swift */; };
		48C1FC6F1DE45DD900660F74 /* Assets.xcassets in Resources */ = {isa = PBXBuildFile; fileRef = 48C1FC6E1DE45DD900660F74 /* Assets.xcassets */; };
		48C1FC721DE45DD900660F74 /* LaunchScreen.storyboard in Resources */ = {isa = PBXBuildFile; fileRef = 48C1FC701DE45DD900660F74 /* LaunchScreen.storyboard */; };
		48C1FC8F1DE460AC00660F74 /* SwiftElm.framework in Frameworks */ = {isa = PBXBuildFile; fileRef = 48C1FC561DE45DB700660F74 /* SwiftElm.framework */; };
		48C1FC901DE460AC00660F74 /* SwiftElm.framework in Embed Frameworks */ = {isa = PBXBuildFile; fileRef = 48C1FC561DE45DB700660F74 /* SwiftElm.framework */; settings = {ATTRIBUTES = (CodeSignOnCopy, RemoveHeadersOnCopy, ); }; };
		48C1FC961DE4616A00660F74 /* Program.swift in Sources */ = {isa = PBXBuildFile; fileRef = 48C1FC951DE4616A00660F74 /* Program.swift */; };
/* End PBXBuildFile section */

/* Begin PBXContainerItemProxy section */
		1F7E8B971E6272AD0083EF52 /* PBXContainerItemProxy */ = {
			isa = PBXContainerItemProxy;
			containerPortal = 48C1FC4D1DE45DB700660F74 /* Project object */;
			proxyType = 1;
			remoteGlobalIDString = 48C1FC551DE45DB700660F74;
			remoteInfo = SwiftElm;
		};
		1F97291F1EACF62D002CF76A /* PBXContainerItemProxy */ = {
			isa = PBXContainerItemProxy;
			containerPortal = 48C1FC4D1DE45DB700660F74 /* Project object */;
			proxyType = 1;
			remoteGlobalIDString = 48C1FC641DE45DD900660F74;
			remoteInfo = GestureDemo;
		};
		1FB880DD1E62DE62004DDF55 /* PBXContainerItemProxy */ = {
			isa = PBXContainerItemProxy;
			containerPortal = 48C1FC4D1DE45DB700660F74 /* Project object */;
			proxyType = 1;
			remoteGlobalIDString = 48C1FC551DE45DB700660F74;
			remoteInfo = SwiftElm;
		};
		48C1FC911DE460AC00660F74 /* PBXContainerItemProxy */ = {
			isa = PBXContainerItemProxy;
			containerPortal = 48C1FC4D1DE45DB700660F74 /* Project object */;
			proxyType = 1;
			remoteGlobalIDString = 48C1FC551DE45DB700660F74;
			remoteInfo = SwiftElm;
		};
/* End PBXContainerItemProxy section */

/* Begin PBXCopyFilesBuildPhase section */
		1F7E8BA71E6272AD0083EF52 /* Embed Frameworks */ = {
			isa = PBXCopyFilesBuildPhase;
			buildActionMask = 2147483647;
			dstPath = "";
			dstSubfolderSpec = 10;
			files = (
				1F7E8BA81E6272AD0083EF52 /* ReactiveAutomaton.framework in Embed Frameworks */,
				1F7E8BA91E6272AD0083EF52 /* SwiftElm.framework in Embed Frameworks */,
				1F7E8BAA1E6272AD0083EF52 /* ReactiveSwift.framework in Embed Frameworks */,
				1F7E8BAB1E6272AD0083EF52 /* Result.framework in Embed Frameworks */,
				1F7E8BAC1E6272AD0083EF52 /* VTree.framework in Embed Frameworks */,
				1FD4E3B31EACED4700618F78 /* VTreeDebugger.framework in Embed Frameworks */,
				1F7E8BAD1E6272AD0083EF52 /* Flexbox.framework in Embed Frameworks */,
			);
			name = "Embed Frameworks";
			runOnlyForDeploymentPostprocessing = 0;
		};
		48C1FC841DE4607800660F74 /* Embed Frameworks */ = {
			isa = PBXCopyFilesBuildPhase;
			buildActionMask = 2147483647;
			dstPath = "";
			dstSubfolderSpec = 10;
			files = (
				1FD4E3B71EACED6900618F78 /* VTreeDebugger.framework in Embed Frameworks */,
				1FBFDA8C1DE5288200094059 /* ReactiveAutomaton.framework in Embed Frameworks */,
				48C1FC901DE460AC00660F74 /* SwiftElm.framework in Embed Frameworks */,
				1FFE73741E59CE5200F751A3 /* ReactiveSwift.framework in Embed Frameworks */,
				1F315B181E625C0700DB6FC0 /* Result.framework in Embed Frameworks */,
				1F2AE8641DF84E7200C8FE71 /* VTree.framework in Embed Frameworks */,
				1FFE73761E59CEB300F751A3 /* Flexbox.framework in Embed Frameworks */,
			);
			name = "Embed Frameworks";
			runOnlyForDeploymentPostprocessing = 0;
		};
/* End PBXCopyFilesBuildPhase section */

/* Begin PBXFileReference section */
		1F42668D1E626EA6003B739E /* Gesture+Debug.swift */ = {isa = PBXFileReference; fileEncoding = 4; lastKnownFileType = sourcecode.swift; path = "Gesture+Debug.swift"; sourceTree = "<group>"; };
		1F7E8BB11E6272AD0083EF52 /* SimpleDemo.app */ = {isa = PBXFileReference; explicitFileType = wrapper.application; includeInIndex = 0; path = SimpleDemo.app; sourceTree = BUILT_PRODUCTS_DIR; };
		1F7E8BB41E6272D10083EF52 /* AppDelegate.swift */ = {isa = PBXFileReference; fileEncoding = 4; lastKnownFileType = sourcecode.swift; path = AppDelegate.swift; sourceTree = "<group>"; };
		1F7E8BB51E6272D10083EF52 /* Assets.xcassets */ = {isa = PBXFileReference; lastKnownFileType = folder.assetcatalog; path = Assets.xcassets; sourceTree = "<group>"; };
		1F7E8BB71E6272D10083EF52 /* Base */ = {isa = PBXFileReference; lastKnownFileType = file.storyboard; name = Base; path = Base.lproj/LaunchScreen.storyboard; sourceTree = "<group>"; };
		1F7E8BB81E6272D10083EF52 /* Info.plist */ = {isa = PBXFileReference; fileEncoding = 4; lastKnownFileType = text.plist.xml; path = Info.plist; sourceTree = "<group>"; };
		1FBFDA8A1DE5288200094059 /* ReactiveAutomaton.framework */ = {isa = PBXFileReference; explicitFileType = wrapper.framework; path = ReactiveAutomaton.framework; sourceTree = BUILT_PRODUCTS_DIR; };
		1FBFDA8D1DE5288900094059 /* VTree.framework */ = {isa = PBXFileReference; explicitFileType = wrapper.framework; path = VTree.framework; sourceTree = BUILT_PRODUCTS_DIR; };
		1FCE01EA1DF8509500B3B30E /* ReactiveSwift.framework */ = {isa = PBXFileReference; lastKnownFileType = wrapper.framework; path = ReactiveSwift.framework; sourceTree = BUILT_PRODUCTS_DIR; };
		1FCE01EC1DF8509900B3B30E /* Result.framework */ = {isa = PBXFileReference; lastKnownFileType = wrapper.framework; path = Result.framework; sourceTree = BUILT_PRODUCTS_DIR; };
		1FD4E3B11EACED4700618F78 /* VTreeDebugger.framework */ = {isa = PBXFileReference; lastKnownFileType = wrapper.framework; path = VTreeDebugger.framework; sourceTree = BUILT_PRODUCTS_DIR; };
		1FD4E3C01EACEFB300618F78 /* App.swift */ = {isa = PBXFileReference; fileEncoding = 4; lastKnownFileType = sourcecode.swift; path = App.swift; sourceTree = "<group>"; };
		1FD4E3C21EACF09500618F78 /* App.swift */ = {isa = PBXFileReference; fileEncoding = 4; lastKnownFileType = sourcecode.swift; path = App.swift; sourceTree = "<group>"; };
		1FF487751E3A07C4006D0383 /* Effect.swift */ = {isa = PBXFileReference; fileEncoding = 4; lastKnownFileType = sourcecode.swift; path = Effect.swift; sourceTree = "<group>"; };
		1FF5ADAD1E62737D00E878A8 /* Message.generated.swift */ = {isa = PBXFileReference; fileEncoding = 4; lastKnownFileType = sourcecode.swift; path = Message.generated.swift; sourceTree = "<group>"; };
		1FF5ADAE1E62737D00E878A8 /* MessageContext.generated.swift */ = {isa = PBXFileReference; fileEncoding = 4; lastKnownFileType = sourcecode.swift; path = MessageContext.generated.swift; sourceTree = "<group>"; };
		1FFE736D1E59CDEA00F751A3 /* Flexbox.framework */ = {isa = PBXFileReference; lastKnownFileType = wrapper.framework; path = Flexbox.framework; sourceTree = BUILT_PRODUCTS_DIR; };
		1FFE73791E59CFB900F751A3 /* Message.generated.swift */ = {isa = PBXFileReference; fileEncoding = 4; lastKnownFileType = sourcecode.swift; path = Message.generated.swift; sourceTree = "<group>"; };
		1FFE737A1E59CFB900F751A3 /* MessageContext.generated.swift */ = {isa = PBXFileReference; fileEncoding = 4; lastKnownFileType = sourcecode.swift; path = MessageContext.generated.swift; sourceTree = "<group>"; };
		48C1FC561DE45DB700660F74 /* SwiftElm.framework */ = {isa = PBXFileReference; explicitFileType = wrapper.framework; includeInIndex = 0; path = SwiftElm.framework; sourceTree = BUILT_PRODUCTS_DIR; };
		48C1FC591DE45DB700660F74 /* SwiftElm.h */ = {isa = PBXFileReference; lastKnownFileType = sourcecode.c.h; path = SwiftElm.h; sourceTree = "<group>"; };
		48C1FC5A1DE45DB700660F74 /* Info.plist */ = {isa = PBXFileReference; lastKnownFileType = text.plist.xml; path = Info.plist; sourceTree = "<group>"; };
		48C1FC651DE45DD900660F74 /* GestureDemo.app */ = {isa = PBXFileReference; explicitFileType = wrapper.application; includeInIndex = 0; path = GestureDemo.app; sourceTree = BUILT_PRODUCTS_DIR; };
		48C1FC671DE45DD900660F74 /* AppDelegate.swift */ = {isa = PBXFileReference; lastKnownFileType = sourcecode.swift; path = AppDelegate.swift; sourceTree = "<group>"; };
		48C1FC6E1DE45DD900660F74 /* Assets.xcassets */ = {isa = PBXFileReference; lastKnownFileType = folder.assetcatalog; path = Assets.xcassets; sourceTree = "<group>"; };
		48C1FC711DE45DD900660F74 /* Base */ = {isa = PBXFileReference; lastKnownFileType = file.storyboard; name = Base; path = Base.lproj/LaunchScreen.storyboard; sourceTree = "<group>"; };
		48C1FC731DE45DD900660F74 /* Info.plist */ = {isa = PBXFileReference; lastKnownFileType = text.plist.xml; path = Info.plist; sourceTree = "<group>"; };
		48C1FC951DE4616A00660F74 /* Program.swift */ = {isa = PBXFileReference; fileEncoding = 4; lastKnownFileType = sourcecode.swift; path = Program.swift; sourceTree = "<group>"; };
/* End PBXFileReference section */

/* Begin PBXFrameworksBuildPhase section */
		1F7E8B9E1E6272AD0083EF52 /* Frameworks */ = {
			isa = PBXFrameworksBuildPhase;
			buildActionMask = 2147483647;
			files = (
				1FD4E3B21EACED4700618F78 /* VTreeDebugger.framework in Frameworks */,
				1F7E8B9F1E6272AD0083EF52 /* VTree.framework in Frameworks */,
				1F7E8BA01E6272AD0083EF52 /* SwiftElm.framework in Frameworks */,
				1F7E8BA11E6272AD0083EF52 /* ReactiveSwift.framework in Frameworks */,
				1F7E8BA21E6272AD0083EF52 /* Result.framework in Frameworks */,
				1F7E8BA31E6272AD0083EF52 /* ReactiveAutomaton.framework in Frameworks */,
			);
			runOnlyForDeploymentPostprocessing = 0;
		};
		48C1FC521DE45DB700660F74 /* Frameworks */ = {
			isa = PBXFrameworksBuildPhase;
			buildActionMask = 2147483647;
			files = (
				1FCE01ED1DF8509900B3B30E /* Result.framework in Frameworks */,
				1FCE01EB1DF8509500B3B30E /* ReactiveSwift.framework in Frameworks */,
				1FBFDA981DE528B200094059 /* ReactiveAutomaton.framework in Frameworks */,
				1F2AE8611DF84E3800C8FE71 /* VTree.framework in Frameworks */,
				1FFE736E1E59CDEA00F751A3 /* Flexbox.framework in Frameworks */,
			);
			runOnlyForDeploymentPostprocessing = 0;
		};
		48C1FC621DE45DD900660F74 /* Frameworks */ = {
			isa = PBXFrameworksBuildPhase;
			buildActionMask = 2147483647;
			files = (
				1FD4E3B61EACED6900618F78 /* VTreeDebugger.framework in Frameworks */,
				1F2AE8631DF84E7200C8FE71 /* VTree.framework in Frameworks */,
				48C1FC8F1DE460AC00660F74 /* SwiftElm.framework in Frameworks */,
				1FCE01EF1DF850E100B3B30E /* ReactiveSwift.framework in Frameworks */,
				1F315B171E625C0700DB6FC0 /* Result.framework in Frameworks */,
				1FBFDA8B1DE5288200094059 /* ReactiveAutomaton.framework in Frameworks */,
			);
			runOnlyForDeploymentPostprocessing = 0;
		};
/* End PBXFrameworksBuildPhase section */

/* Begin PBXGroup section */
		1F42668F1E626F4E003B739E /* Demo */ = {
			isa = PBXGroup;
			children = (
				1F7E8BB31E6272D10083EF52 /* SimpleDemo */,
				48C1FC661DE45DD900660F74 /* GestureDemo */,
			);
			path = Demo;
			sourceTree = "<group>";
		};
		1F7E8BB31E6272D10083EF52 /* SimpleDemo */ = {
			isa = PBXGroup;
			children = (
				1FF5ADAC1E62737D00E878A8 /* CodeGenerated */,
				1F7E8BB41E6272D10083EF52 /* AppDelegate.swift */,
				1FD4E3C01EACEFB300618F78 /* App.swift */,
				1F7E8BB51E6272D10083EF52 /* Assets.xcassets */,
				1F7E8BB61E6272D10083EF52 /* LaunchScreen.storyboard */,
				1F7E8BB81E6272D10083EF52 /* Info.plist */,
			);
			path = SimpleDemo;
			sourceTree = "<group>";
		};
		1FF5ADAC1E62737D00E878A8 /* CodeGenerated */ = {
			isa = PBXGroup;
			children = (
				1FF5ADAD1E62737D00E878A8 /* Message.generated.swift */,
				1FF5ADAE1E62737D00E878A8 /* MessageContext.generated.swift */,
			);
			path = CodeGenerated;
			sourceTree = "<group>";
		};
		1FFE73781E59CFB900F751A3 /* CodeGenerated */ = {
			isa = PBXGroup;
			children = (
				1FFE73791E59CFB900F751A3 /* Message.generated.swift */,
				1FFE737A1E59CFB900F751A3 /* MessageContext.generated.swift */,
			);
			path = CodeGenerated;
			sourceTree = "<group>";
		};
		48C1FC4C1DE45DB700660F74 = {
			isa = PBXGroup;
			children = (
				48C1FC581DE45DB700660F74 /* Sources */,
				1F42668F1E626F4E003B739E /* Demo */,
				48C1FC571DE45DB700660F74 /* Products */,
				48C1FC771DE45F4D00660F74 /* Frameworks */,
			);
			sourceTree = "<group>";
		};
		48C1FC571DE45DB700660F74 /* Products */ = {
			isa = PBXGroup;
			children = (
				48C1FC561DE45DB700660F74 /* SwiftElm.framework */,
				48C1FC651DE45DD900660F74 /* GestureDemo.app */,
				1F7E8BB11E6272AD0083EF52 /* SimpleDemo.app */,
			);
			name = Products;
			sourceTree = "<group>";
		};
		48C1FC581DE45DB700660F74 /* Sources */ = {
			isa = PBXGroup;
			children = (
				48C1FC591DE45DB700660F74 /* SwiftElm.h */,
				48C1FC951DE4616A00660F74 /* Program.swift */,
				1FF487751E3A07C4006D0383 /* Effect.swift */,
				48C1FC5A1DE45DB700660F74 /* Info.plist */,
			);
			path = Sources;
			sourceTree = "<group>";
		};
		48C1FC661DE45DD900660F74 /* GestureDemo */ = {
			isa = PBXGroup;
			children = (
				1FFE73781E59CFB900F751A3 /* CodeGenerated */,
				48C1FC671DE45DD900660F74 /* AppDelegate.swift */,
				1FD4E3C21EACF09500618F78 /* App.swift */,
				1F42668D1E626EA6003B739E /* Gesture+Debug.swift */,
				48C1FC6E1DE45DD900660F74 /* Assets.xcassets */,
				48C1FC701DE45DD900660F74 /* LaunchScreen.storyboard */,
				48C1FC731DE45DD900660F74 /* Info.plist */,
			);
			path = GestureDemo;
			sourceTree = "<group>";
		};
		48C1FC771DE45F4D00660F74 /* Frameworks */ = {
			isa = PBXGroup;
			children = (
				1FD4E3B11EACED4700618F78 /* VTreeDebugger.framework */,
				1FFE736D1E59CDEA00F751A3 /* Flexbox.framework */,
				1FCE01EC1DF8509900B3B30E /* Result.framework */,
				1FCE01EA1DF8509500B3B30E /* ReactiveSwift.framework */,
				1FBFDA8A1DE5288200094059 /* ReactiveAutomaton.framework */,
				1FBFDA8D1DE5288900094059 /* VTree.framework */,
			);
			name = Frameworks;
			sourceTree = "<group>";
		};
/* End PBXGroup section */

/* Begin PBXHeadersBuildPhase section */
		48C1FC531DE45DB700660F74 /* Headers */ = {
			isa = PBXHeadersBuildPhase;
			buildActionMask = 2147483647;
			files = (
				48C1FC5B1DE45DB700660F74 /* SwiftElm.h in Headers */,
			);
			runOnlyForDeploymentPostprocessing = 0;
		};
/* End PBXHeadersBuildPhase section */

/* Begin PBXNativeTarget section */
		1F7E8B951E6272AD0083EF52 /* SimpleDemo */ = {
			isa = PBXNativeTarget;
			buildConfigurationList = 1F7E8BAE1E6272AD0083EF52 /* Build configuration list for PBXNativeTarget "SimpleDemo" */;
			buildPhases = (
				1F7E8B981E6272AD0083EF52 /* Run Script: VTree generate-message.sh */,
				1F7E8B991E6272AD0083EF52 /* Sources */,
				1F7E8B9E1E6272AD0083EF52 /* Frameworks */,
				1F7E8BA41E6272AD0083EF52 /* Resources */,
				1F7E8BA71E6272AD0083EF52 /* Embed Frameworks */,
			);
			buildRules = (
			);
			dependencies = (
				1F7E8B961E6272AD0083EF52 /* PBXTargetDependency */,
			);
			name = SimpleDemo;
			productName = SwiftElmDemo;
			productReference = 1F7E8BB11E6272AD0083EF52 /* SimpleDemo.app */;
			productType = "com.apple.product-type.application";
		};
		48C1FC551DE45DB700660F74 /* SwiftElm */ = {
			isa = PBXNativeTarget;
			buildConfigurationList = 48C1FC5E1DE45DB700660F74 /* Build configuration list for PBXNativeTarget "SwiftElm" */;
			buildPhases = (
				48C1FC511DE45DB700660F74 /* Sources */,
				48C1FC521DE45DB700660F74 /* Frameworks */,
				48C1FC531DE45DB700660F74 /* Headers */,
				48C1FC541DE45DB700660F74 /* Resources */,
			);
			buildRules = (
			);
			dependencies = (
			);
			name = SwiftElm;
			productName = SwiftElm;
			productReference = 48C1FC561DE45DB700660F74 /* SwiftElm.framework */;
			productType = "com.apple.product-type.framework";
		};
		48C1FC641DE45DD900660F74 /* GestureDemo */ = {
			isa = PBXNativeTarget;
			buildConfigurationList = 48C1FC741DE45DD900660F74 /* Build configuration list for PBXNativeTarget "GestureDemo" */;
			buildPhases = (
				1FFE73771E59CF1800F751A3 /* Run Script: VTree generate-message.sh */,
				48C1FC611DE45DD900660F74 /* Sources */,
				48C1FC621DE45DD900660F74 /* Frameworks */,
				48C1FC631DE45DD900660F74 /* Resources */,
				48C1FC841DE4607800660F74 /* Embed Frameworks */,
			);
			buildRules = (
			);
			dependencies = (
				48C1FC921DE460AC00660F74 /* PBXTargetDependency */,
			);
			name = GestureDemo;
			productName = SwiftElmDemo;
			productReference = 48C1FC651DE45DD900660F74 /* GestureDemo.app */;
			productType = "com.apple.product-type.application";
		};
/* End PBXNativeTarget section */

/* Begin PBXProject section */
		48C1FC4D1DE45DB700660F74 /* Project object */ = {
			isa = PBXProject;
			attributes = {
				LastSwiftUpdateCheck = 0810;
				LastUpgradeCheck = 0830;
				ORGANIZATIONNAME = "Yasuhiro Inami";
				TargetAttributes = {
					1F7E8B951E6272AD0083EF52 = {
						DevelopmentTeam = UMBZ5WL247;
					};
					1FB880D91E62DE42004DDF55 = {
						CreatedOnToolsVersion = 8.2.1;
						ProvisioningStyle = Automatic;
					};
					48C1FC551DE45DB700660F74 = {
						CreatedOnToolsVersion = 8.1;
						DevelopmentTeam = UMBZ5WL247;
						LastSwiftMigration = 0810;
						ProvisioningStyle = Automatic;
					};
					48C1FC641DE45DD900660F74 = {
						CreatedOnToolsVersion = 8.1;
						DevelopmentTeam = UMBZ5WL247;
						ProvisioningStyle = Automatic;
					};
				};
			};
			buildConfigurationList = 48C1FC501DE45DB700660F74 /* Build configuration list for PBXProject "SwiftElm" */;
			compatibilityVersion = "Xcode 3.2";
			developmentRegion = English;
			hasScannedForEncodings = 0;
			knownRegions = (
				en,
				Base,
			);
			mainGroup = 48C1FC4C1DE45DB700660F74;
			productRefGroup = 48C1FC571DE45DB700660F74 /* Products */;
			projectDirPath = "";
			projectRoot = "";
			targets = (
				48C1FC551DE45DB700660F74 /* SwiftElm */,
				1F7E8B951E6272AD0083EF52 /* SimpleDemo */,
				48C1FC641DE45DD900660F74 /* GestureDemo */,
				1FB880D91E62DE42004DDF55 /* MakePlayground */,
			);
		};
/* End PBXProject section */

/* Begin PBXResourcesBuildPhase section */
		1F7E8BA41E6272AD0083EF52 /* Resources */ = {
			isa = PBXResourcesBuildPhase;
			buildActionMask = 2147483647;
			files = (
				1F7E8BBB1E6272D10083EF52 /* LaunchScreen.storyboard in Resources */,
				1F7E8BBA1E6272D10083EF52 /* Assets.xcassets in Resources */,
			);
			runOnlyForDeploymentPostprocessing = 0;
		};
		48C1FC541DE45DB700660F74 /* Resources */ = {
			isa = PBXResourcesBuildPhase;
			buildActionMask = 2147483647;
			files = (
			);
			runOnlyForDeploymentPostprocessing = 0;
		};
		48C1FC631DE45DD900660F74 /* Resources */ = {
			isa = PBXResourcesBuildPhase;
			buildActionMask = 2147483647;
			files = (
				48C1FC721DE45DD900660F74 /* LaunchScreen.storyboard in Resources */,
				48C1FC6F1DE45DD900660F74 /* Assets.xcassets in Resources */,
			);
			runOnlyForDeploymentPostprocessing = 0;
		};
/* End PBXResourcesBuildPhase section */

/* Begin PBXShellScriptBuildPhase section */
		1F7E8B981E6272AD0083EF52 /* Run Script: VTree generate-message.sh */ = {
			isa = PBXShellScriptBuildPhase;
			buildActionMask = 2147483647;
			files = (
			);
			inputPaths = (
			);
			name = "Run Script: VTree generate-message.sh";
			outputPaths = (
			);
			runOnlyForDeploymentPostprocessing = 0;
			shellPath = /bin/sh;
			shellScript = "./Carthage/Checkouts/VTree/Scripts/generate-message.sh \\\n    ./Demo/SimpleDemo \\\n    ./Demo/SimpleDemo/CodeGenerated/";
		};
		1FB880DF1E62DE64004DDF55 /* Run Script: Code Generation (Sourcery) */ = {
			isa = PBXShellScriptBuildPhase;
			buildActionMask = 2147483647;
			files = (
			);
			inputPaths = (
			);
			name = "Run Script: Code Generation (Sourcery)";
			outputPaths = (
			);
			runOnlyForDeploymentPostprocessing = 0;
			shellPath = /bin/sh;
			shellScript = "./Scripts/make-playground.sh";
		};
		1FFE73771E59CF1800F751A3 /* Run Script: VTree generate-message.sh */ = {
			isa = PBXShellScriptBuildPhase;
			buildActionMask = 2147483647;
			files = (
			);
			inputPaths = (
			);
			name = "Run Script: VTree generate-message.sh";
			outputPaths = (
			);
			runOnlyForDeploymentPostprocessing = 0;
			shellPath = /bin/sh;
			shellScript = "./Carthage/Checkouts/VTree/Scripts/generate-message.sh \\\n    ./Demo/GestureDemo \\\n    ./Demo/GestureDemo/CodeGenerated/";
		};
/* End PBXShellScriptBuildPhase section */

/* Begin PBXSourcesBuildPhase section */
		1F7E8B991E6272AD0083EF52 /* Sources */ = {
			isa = PBXSourcesBuildPhase;
			buildActionMask = 2147483647;
			files = (
				1FF5ADAF1E62737D00E878A8 /* Message.generated.swift in Sources */,
				1FD4E3C11EACEFB300618F78 /* App.swift in Sources */,
				1FF5ADB01E62737D00E878A8 /* MessageContext.generated.swift in Sources */,
				1F7E8BB91E6272D10083EF52 /* AppDelegate.swift in Sources */,
			);
			runOnlyForDeploymentPostprocessing = 0;
		};
		48C1FC511DE45DB700660F74 /* Sources */ = {
			isa = PBXSourcesBuildPhase;
			buildActionMask = 2147483647;
			files = (
				1FF487761E3A07C4006D0383 /* Effect.swift in Sources */,
				48C1FC961DE4616A00660F74 /* Program.swift in Sources */,
			);
			runOnlyForDeploymentPostprocessing = 0;
		};
		48C1FC611DE45DD900660F74 /* Sources */ = {
			isa = PBXSourcesBuildPhase;
			buildActionMask = 2147483647;
			files = (
				1FFE737B1E59CFB900F751A3 /* Message.generated.swift in Sources */,
				1FFE737C1E59CFB900F751A3 /* MessageContext.generated.swift in Sources */,
				48C1FC681DE45DD900660F74 /* AppDelegate.swift in Sources */,
				1FD4E3C41EACF0F200618F78 /* App.swift in Sources */,
				1F42668E1E626EA6003B739E /* Gesture+Debug.swift in Sources */,
			);
			runOnlyForDeploymentPostprocessing = 0;
		};
/* End PBXSourcesBuildPhase section */

/* Begin PBXTargetDependency section */
		1F7E8B961E6272AD0083EF52 /* PBXTargetDependency */ = {
			isa = PBXTargetDependency;
			target = 48C1FC551DE45DB700660F74 /* SwiftElm */;
			targetProxy = 1F7E8B971E6272AD0083EF52 /* PBXContainerItemProxy */;
		};
		1F9729201EACF62D002CF76A /* PBXTargetDependency */ = {
			isa = PBXTargetDependency;
			target = 48C1FC641DE45DD900660F74 /* GestureDemo */;
			targetProxy = 1F97291F1EACF62D002CF76A /* PBXContainerItemProxy */;
		};
		1FB880DE1E62DE62004DDF55 /* PBXTargetDependency */ = {
			isa = PBXTargetDependency;
			target = 48C1FC551DE45DB700660F74 /* SwiftElm */;
			targetProxy = 1FB880DD1E62DE62004DDF55 /* PBXContainerItemProxy */;
		};
		48C1FC921DE460AC00660F74 /* PBXTargetDependency */ = {
			isa = PBXTargetDependency;
			target = 48C1FC551DE45DB700660F74 /* SwiftElm */;
			targetProxy = 48C1FC911DE460AC00660F74 /* PBXContainerItemProxy */;
		};
/* End PBXTargetDependency section */

/* Begin PBXVariantGroup section */
		1F7E8BB61E6272D10083EF52 /* LaunchScreen.storyboard */ = {
			isa = PBXVariantGroup;
			children = (
				1F7E8BB71E6272D10083EF52 /* Base */,
			);
			name = LaunchScreen.storyboard;
			sourceTree = "<group>";
		};
		48C1FC701DE45DD900660F74 /* LaunchScreen.storyboard */ = {
			isa = PBXVariantGroup;
			children = (
				48C1FC711DE45DD900660F74 /* Base */,
			);
			name = LaunchScreen.storyboard;
			sourceTree = "<group>";
		};
/* End PBXVariantGroup section */

/* Begin XCBuildConfiguration section */
		1F7E8BAF1E6272AD0083EF52 /* Debug */ = {
			isa = XCBuildConfiguration;
			buildSettings = {
				ALWAYS_EMBED_SWIFT_STANDARD_LIBRARIES = YES;
				ASSETCATALOG_COMPILER_APPICON_NAME = AppIcon;
				DEVELOPMENT_TEAM = UMBZ5WL247;
				INFOPLIST_FILE = "$(SRCROOT)/Demo/SimpleDemo/Info.plist";
				LD_RUNPATH_SEARCH_PATHS = "$(inherited) @executable_path/Frameworks";
				PRODUCT_BUNDLE_IDENTIFIER = com.inamiy.SimpleDemo;
				PRODUCT_NAME = "$(TARGET_NAME)";
				SWIFT_VERSION = 3.0.1;
			};
			name = Debug;
		};
		1F7E8BB01E6272AD0083EF52 /* Release */ = {
			isa = XCBuildConfiguration;
			buildSettings = {
				ALWAYS_EMBED_SWIFT_STANDARD_LIBRARIES = YES;
				ASSETCATALOG_COMPILER_APPICON_NAME = AppIcon;
				DEVELOPMENT_TEAM = UMBZ5WL247;
				INFOPLIST_FILE = "$(SRCROOT)/Demo/SimpleDemo/Info.plist";
				LD_RUNPATH_SEARCH_PATHS = "$(inherited) @executable_path/Frameworks";
				PRODUCT_BUNDLE_IDENTIFIER = com.inamiy.SimpleDemo;
				PRODUCT_NAME = "$(TARGET_NAME)";
				SWIFT_VERSION = 3.0.1;
			};
			name = Release;
		};
		1FB880DA1E62DE42004DDF55 /* Debug */ = {
			isa = XCBuildConfiguration;
			buildSettings = {
				PRODUCT_NAME = "$(TARGET_NAME)";
			};
			name = Debug;
		};
		1FB880DB1E62DE42004DDF55 /* Release */ = {
			isa = XCBuildConfiguration;
			buildSettings = {
				PRODUCT_NAME = "$(TARGET_NAME)";
			};
			name = Release;
		};
		48C1FC5C1DE45DB700660F74 /* Debug */ = {
			isa = XCBuildConfiguration;
			buildSettings = {
				ALWAYS_SEARCH_USER_PATHS = NO;
				CLANG_ANALYZER_NONNULL = YES;
				CLANG_CXX_LANGUAGE_STANDARD = "gnu++0x";
				CLANG_CXX_LIBRARY = "libc++";
				CLANG_ENABLE_MODULES = YES;
				CLANG_ENABLE_OBJC_ARC = YES;
				CLANG_WARN_BOOL_CONVERSION = YES;
				CLANG_WARN_CONSTANT_CONVERSION = YES;
				CLANG_WARN_DIRECT_OBJC_ISA_USAGE = YES_ERROR;
				CLANG_WARN_DOCUMENTATION_COMMENTS = YES;
				CLANG_WARN_EMPTY_BODY = YES;
				CLANG_WARN_ENUM_CONVERSION = YES;
				CLANG_WARN_INFINITE_RECURSION = YES;
				CLANG_WARN_INT_CONVERSION = YES;
				CLANG_WARN_OBJC_ROOT_CLASS = YES_ERROR;
				CLANG_WARN_SUSPICIOUS_MOVE = YES;
				CLANG_WARN_SUSPICIOUS_MOVES = YES;
				CLANG_WARN_UNREACHABLE_CODE = YES;
				CLANG_WARN__DUPLICATE_METHOD_MATCH = YES;
				"CODE_SIGN_IDENTITY[sdk=iphoneos*]" = "iPhone Developer";
				COPY_PHASE_STRIP = NO;
				CURRENT_PROJECT_VERSION = 1;
				DEBUG_INFORMATION_FORMAT = dwarf;
				ENABLE_STRICT_OBJC_MSGSEND = YES;
				ENABLE_TESTABILITY = YES;
				GCC_C_LANGUAGE_STANDARD = gnu99;
				GCC_DYNAMIC_NO_PIC = NO;
				GCC_NO_COMMON_BLOCKS = YES;
				GCC_OPTIMIZATION_LEVEL = 0;
				GCC_PREPROCESSOR_DEFINITIONS = (
					"DEBUG=1",
					"$(inherited)",
				);
				GCC_WARN_64_TO_32_BIT_CONVERSION = YES;
				GCC_WARN_ABOUT_RETURN_TYPE = YES_ERROR;
				GCC_WARN_UNDECLARED_SELECTOR = YES;
				GCC_WARN_UNINITIALIZED_AUTOS = YES_AGGRESSIVE;
				GCC_WARN_UNUSED_FUNCTION = YES;
				GCC_WARN_UNUSED_VARIABLE = YES;
				IPHONEOS_DEPLOYMENT_TARGET = 10.1;
				MTL_ENABLE_DEBUG_INFO = YES;
				ONLY_ACTIVE_ARCH = YES;
				SDKROOT = iphoneos;
				SWIFT_ACTIVE_COMPILATION_CONDITIONS = DEBUG;
				SWIFT_OPTIMIZATION_LEVEL = "-Onone";
				TARGETED_DEVICE_FAMILY = "1,2";
				VERSIONING_SYSTEM = "apple-generic";
				VERSION_INFO_PREFIX = "";
			};
			name = Debug;
		};
		48C1FC5D1DE45DB700660F74 /* Release */ = {
			isa = XCBuildConfiguration;
			buildSettings = {
				ALWAYS_SEARCH_USER_PATHS = NO;
				CLANG_ANALYZER_NONNULL = YES;
				CLANG_CXX_LANGUAGE_STANDARD = "gnu++0x";
				CLANG_CXX_LIBRARY = "libc++";
				CLANG_ENABLE_MODULES = YES;
				CLANG_ENABLE_OBJC_ARC = YES;
				CLANG_WARN_BOOL_CONVERSION = YES;
				CLANG_WARN_CONSTANT_CONVERSION = YES;
				CLANG_WARN_DIRECT_OBJC_ISA_USAGE = YES_ERROR;
				CLANG_WARN_DOCUMENTATION_COMMENTS = YES;
				CLANG_WARN_EMPTY_BODY = YES;
				CLANG_WARN_ENUM_CONVERSION = YES;
				CLANG_WARN_INFINITE_RECURSION = YES;
				CLANG_WARN_INT_CONVERSION = YES;
				CLANG_WARN_OBJC_ROOT_CLASS = YES_ERROR;
				CLANG_WARN_SUSPICIOUS_MOVE = YES;
				CLANG_WARN_SUSPICIOUS_MOVES = YES;
				CLANG_WARN_UNREACHABLE_CODE = YES;
				CLANG_WARN__DUPLICATE_METHOD_MATCH = YES;
				"CODE_SIGN_IDENTITY[sdk=iphoneos*]" = "iPhone Developer";
				COPY_PHASE_STRIP = NO;
				CURRENT_PROJECT_VERSION = 1;
				DEBUG_INFORMATION_FORMAT = "dwarf-with-dsym";
				ENABLE_NS_ASSERTIONS = NO;
				ENABLE_STRICT_OBJC_MSGSEND = YES;
				GCC_C_LANGUAGE_STANDARD = gnu99;
				GCC_NO_COMMON_BLOCKS = YES;
				GCC_WARN_64_TO_32_BIT_CONVERSION = YES;
				GCC_WARN_ABOUT_RETURN_TYPE = YES_ERROR;
				GCC_WARN_UNDECLARED_SELECTOR = YES;
				GCC_WARN_UNINITIALIZED_AUTOS = YES_AGGRESSIVE;
				GCC_WARN_UNUSED_FUNCTION = YES;
				GCC_WARN_UNUSED_VARIABLE = YES;
				IPHONEOS_DEPLOYMENT_TARGET = 10.1;
				MTL_ENABLE_DEBUG_INFO = NO;
				SDKROOT = iphoneos;
				SWIFT_OPTIMIZATION_LEVEL = "-Owholemodule";
				TARGETED_DEVICE_FAMILY = "1,2";
				VALIDATE_PRODUCT = YES;
				VERSIONING_SYSTEM = "apple-generic";
				VERSION_INFO_PREFIX = "";
			};
			name = Release;
		};
		48C1FC5F1DE45DB700660F74 /* Debug */ = {
			isa = XCBuildConfiguration;
			buildSettings = {
				CLANG_ENABLE_MODULES = YES;
				CODE_SIGN_IDENTITY = "";
				DEFINES_MODULE = YES;
				DEVELOPMENT_TEAM = UMBZ5WL247;
				DYLIB_COMPATIBILITY_VERSION = 1;
				DYLIB_CURRENT_VERSION = 1;
				DYLIB_INSTALL_NAME_BASE = "@rpath";
				INFOPLIST_FILE = Sources/Info.plist;
				INSTALL_PATH = "$(LOCAL_LIBRARY_DIR)/Frameworks";
				LD_RUNPATH_SEARCH_PATHS = "$(inherited) @executable_path/Frameworks @loader_path/Frameworks";
				PRODUCT_BUNDLE_IDENTIFIER = com.inamiy.SwiftElm;
				PRODUCT_NAME = "$(TARGET_NAME)";
				SKIP_INSTALL = YES;
				SWIFT_OPTIMIZATION_LEVEL = "-Onone";
				SWIFT_VERSION = 3.0;
			};
			name = Debug;
		};
		48C1FC601DE45DB700660F74 /* Release */ = {
			isa = XCBuildConfiguration;
			buildSettings = {
				CLANG_ENABLE_MODULES = YES;
				CODE_SIGN_IDENTITY = "";
				DEFINES_MODULE = YES;
				DEVELOPMENT_TEAM = UMBZ5WL247;
				DYLIB_COMPATIBILITY_VERSION = 1;
				DYLIB_CURRENT_VERSION = 1;
				DYLIB_INSTALL_NAME_BASE = "@rpath";
				INFOPLIST_FILE = Sources/Info.plist;
				INSTALL_PATH = "$(LOCAL_LIBRARY_DIR)/Frameworks";
				LD_RUNPATH_SEARCH_PATHS = "$(inherited) @executable_path/Frameworks @loader_path/Frameworks";
				PRODUCT_BUNDLE_IDENTIFIER = com.inamiy.SwiftElm;
				PRODUCT_NAME = "$(TARGET_NAME)";
				SKIP_INSTALL = YES;
				SWIFT_VERSION = 3.0;
			};
			name = Release;
		};
		48C1FC751DE45DD900660F74 /* Debug */ = {
			isa = XCBuildConfiguration;
			buildSettings = {
				ALWAYS_EMBED_SWIFT_STANDARD_LIBRARIES = YES;
				ASSETCATALOG_COMPILER_APPICON_NAME = AppIcon;
				DEVELOPMENT_TEAM = UMBZ5WL247;
				INFOPLIST_FILE = "$(SRCROOT)/Demo/GestureDemo/Info.plist";
				LD_RUNPATH_SEARCH_PATHS = "$(inherited) @executable_path/Frameworks";
				PRODUCT_BUNDLE_IDENTIFIER = com.inamiy.GestureDemo;
				PRODUCT_NAME = "$(TARGET_NAME)";
				SWIFT_VERSION = 3.0.1;
			};
			name = Debug;
		};
		48C1FC761DE45DD900660F74 /* Release */ = {
			isa = XCBuildConfiguration;
			buildSettings = {
				ALWAYS_EMBED_SWIFT_STANDARD_LIBRARIES = YES;
				ASSETCATALOG_COMPILER_APPICON_NAME = AppIcon;
				DEVELOPMENT_TEAM = UMBZ5WL247;
				INFOPLIST_FILE = "$(SRCROOT)/Demo/GestureDemo/Info.plist";
				LD_RUNPATH_SEARCH_PATHS = "$(inherited) @executable_path/Frameworks";
				PRODUCT_BUNDLE_IDENTIFIER = com.inamiy.GestureDemo;
				PRODUCT_NAME = "$(TARGET_NAME)";
				SWIFT_VERSION = 3.0.1;
			};
			name = Release;
		};
/* End XCBuildConfiguration section */

/* Begin XCConfigurationList section */
		1F7E8BAE1E6272AD0083EF52 /* Build configuration list for PBXNativeTarget "SimpleDemo" */ = {
			isa = XCConfigurationList;
			buildConfigurations = (
				1F7E8BAF1E6272AD0083EF52 /* Debug */,
				1F7E8BB01E6272AD0083EF52 /* Release */,
			);
			defaultConfigurationIsVisible = 0;
			defaultConfigurationName = Release;
		};
		1FB880DC1E62DE42004DDF55 /* Build configuration list for PBXAggregateTarget "MakePlayground" */ = {
			isa = XCConfigurationList;
			buildConfigurations = (
				1FB880DA1E62DE42004DDF55 /* Debug */,
				1FB880DB1E62DE42004DDF55 /* Release */,
			);
			defaultConfigurationIsVisible = 0;
			defaultConfigurationName = Release;
		};
		48C1FC501DE45DB700660F74 /* Build configuration list for PBXProject "SwiftElm" */ = {
			isa = XCConfigurationList;
			buildConfigurations = (
				48C1FC5C1DE45DB700660F74 /* Debug */,
				48C1FC5D1DE45DB700660F74 /* Release */,
			);
			defaultConfigurationIsVisible = 0;
			defaultConfigurationName = Release;
		};
		48C1FC5E1DE45DB700660F74 /* Build configuration list for PBXNativeTarget "SwiftElm" */ = {
			isa = XCConfigurationList;
			buildConfigurations = (
				48C1FC5F1DE45DB700660F74 /* Debug */,
				48C1FC601DE45DB700660F74 /* Release */,
			);
			defaultConfigurationIsVisible = 0;
			defaultConfigurationName = Release;
		};
		48C1FC741DE45DD900660F74 /* Build configuration list for PBXNativeTarget "GestureDemo" */ = {
			isa = XCConfigurationList;
			buildConfigurations = (
				48C1FC751DE45DD900660F74 /* Debug */,
				48C1FC761DE45DD900660F74 /* Release */,
			);
			defaultConfigurationIsVisible = 0;
			defaultConfigurationName = Release;
		};
/* End XCConfigurationList section */
	};
	rootObject = 48C1FC4D1DE45DB700660F74 /* Project object */;
}
